// !$*UTF8*$!
{
	archiveVersion = 1;
	classes = {
	};
	objectVersion = 46;
	objects = {

/* Begin PBXBuildFile section */
		9F6351F51AC3DEEB00E24276 /* main.m in Sources */ = {isa = PBXBuildFile; fileRef = 9F6351F41AC3DEEB00E24276 /* main.m */; };
		9F6351F81AC3DEEB00E24276 /* AppDelegate.m in Sources */ = {isa = PBXBuildFile; fileRef = 9F6351F71AC3DEEB00E24276 /* AppDelegate.m */; };
		9F6351FB1AC3DEEB00E24276 /* ViewController.m in Sources */ = {isa = PBXBuildFile; fileRef = 9F6351FA1AC3DEEB00E24276 /* ViewController.m */; };
		9F6351FE1AC3DEEB00E24276 /* Main.storyboard in Resources */ = {isa = PBXBuildFile; fileRef = 9F6351FC1AC3DEEB00E24276 /* Main.storyboard */; };
		9F6352001AC3DEEC00E24276 /* Images.xcassets in Resources */ = {isa = PBXBuildFile; fileRef = 9F6351FF1AC3DEEC00E24276 /* Images.xcassets */; };
		9F6352031AC3DEEC00E24276 /* LaunchScreen.xib in Resources */ = {isa = PBXBuildFile; fileRef = 9F6352011AC3DEEC00E24276 /* LaunchScreen.xib */; };
		9F63520F1AC3DEEC00E24276 /* GitSampleTests.m in Sources */ = {isa = PBXBuildFile; fileRef = 9F63520E1AC3DEEC00E24276 /* GitSampleTests.m */; };
/* End PBXBuildFile section */

/* Begin PBXContainerItemProxy section */
		9F6352091AC3DEEC00E24276 /* PBXContainerItemProxy */ = {
			isa = PBXContainerItemProxy;
			containerPortal = 9F6351E71AC3DEEB00E24276 /* Project object */;
			proxyType = 1;
			remoteGlobalIDString = 9F6351EE1AC3DEEB00E24276;
			remoteInfo = GitSample;
		};
/* End PBXContainerItemProxy section */

/* Begin PBXFileReference section */
		9F6351EF1AC3DEEB00E24276 /* GitSample.app */ = {isa = PBXFileReference; explicitFileType = wrapper.application; includeInIndex = 0; path = GitSample.app; sourceTree = BUILT_PRODUCTS_DIR; };
		9F6351F31AC3DEEB00E24276 /* Info.plist */ = {isa = PBXFileReference; lastKnownFileType = text.plist.xml; path = Info.plist; sourceTree = "<group>"; };
		9F6351F41AC3DEEB00E24276 /* main.m */ = {isa = PBXFileReference; lastKnownFileType = sourcecode.c.objc; path = main.m; sourceTree = "<group>"; };
		9F6351F61AC3DEEB00E24276 /* AppDelegate.h */ = {isa = PBXFileReference; lastKnownFileType = sourcecode.c.h; path = AppDelegate.h; sourceTree = "<group>"; };
		9F6351F71AC3DEEB00E24276 /* AppDelegate.m */ = {isa = PBXFileReference; lastKnownFileType = sourcecode.c.objc; path = AppDelegate.m; sourceTree = "<group>"; };
		9F6351F91AC3DEEB00E24276 /* ViewController.h */ = {isa = PBXFileReference; lastKnownFileType = sourcecode.c.h; path = ViewController.h; sourceTree = "<group>"; };
		9F6351FA1AC3DEEB00E24276 /* ViewController.m */ = {isa = PBXFileReference; lastKnownFileType = sourcecode.c.objc; path = ViewController.m; sourceTree = "<group>"; };
		9F6351FD1AC3DEEB00E24276 /* Base */ = {isa = PBXFileReference; lastKnownFileType = file.storyboard; name = Base; path = Base.lproj/Main.storyboard; sourceTree = "<group>"; };
		9F6351FF1AC3DEEC00E24276 /* Images.xcassets */ = {isa = PBXFileReference; lastKnownFileType = folder.assetcatalog; path = Images.xcassets; sourceTree = "<group>"; };
		9F6352021AC3DEEC00E24276 /* Base */ = {isa = PBXFileReference; lastKnownFileType = file.xib; name = Base; path = Base.lproj/LaunchScreen.xib; sourceTree = "<group>"; };
		9F6352081AC3DEEC00E24276 /* GitSampleTests.xctest */ = {isa = PBXFileReference; explicitFileType = wrapper.cfbundle; includeInIndex = 0; path = GitSampleTests.xctest; sourceTree = BUILT_PRODUCTS_DIR; };
		9F63520D1AC3DEEC00E24276 /* Info.plist */ = {isa = PBXFileReference; lastKnownFileType = text.plist.xml; path = Info.plist; sourceTree = "<group>"; };
		9F63520E1AC3DEEC00E24276 /* GitSampleTests.m */ = {isa = PBXFileReference; lastKnownFileType = sourcecode.c.objc; path = GitSampleTests.m; sourceTree = "<group>"; };
/* End PBXFileReference section */

/* Begin PBXFrameworksBuildPhase section */
		9F6351EC1AC3DEEB00E24276 /* Frameworks */ = {
			isa = PBXFrameworksBuildPhase;
			buildActionMask = 2147483647;
			files = (
			);
			runOnlyForDeploymentPostprocessing = 0;
		};
		9F6352051AC3DEEC00E24276 /* Frameworks */ = {
			isa = PBXFrameworksBuildPhase;
			buildActionMask = 2147483647;
			files = (
			);
			runOnlyForDeploymentPostprocessing = 0;
		};
/* End PBXFrameworksBuildPhase section */

/* Begin PBXGroup section */
		9F6351E61AC3DEEB00E24276 = {
			isa = PBXGroup;
			children = (
				9F6351F11AC3DEEB00E24276 /* GitSample */,
				9F63520B1AC3DEEC00E24276 /* GitSampleTests */,
				9F6351F01AC3DEEB00E24276 /* Products */,
			);
			sourceTree = "<group>";
		};
		9F6351F01AC3DEEB00E24276 /* Products */ = {
			isa = PBXGroup;
			children = (
				9F6351EF1AC3DEEB00E24276 /* GitSample.app */,
				9F6352081AC3DEEC00E24276 /* GitSampleTests.xctest */,
			);
			name = Products;
			sourceTree = "<group>";
		};
		9F6351F11AC3DEEB00E24276 /* GitSample */ = {
			isa = PBXGroup;
			children = (
				9F6351F61AC3DEEB00E24276 /* AppDelegate.h */,
				9F6351F71AC3DEEB00E24276 /* AppDelegate.m */,
				9F6351F91AC3DEEB00E24276 /* ViewController.h */,
				9F6351FA1AC3DEEB00E24276 /* ViewController.m */,
				9F6351FC1AC3DEEB00E24276 /* Main.storyboard */,
				9F6351FF1AC3DEEC00E24276 /* Images.xcassets */,
				9F6352011AC3DEEC00E24276 /* LaunchScreen.xib */,
				9F6351F21AC3DEEB00E24276 /* Supporting Files */,
			);
			path = GitSample;
			sourceTree = "<group>";
		};
		9F6351F21AC3DEEB00E24276 /* Supporting Files */ = {
			isa = PBXGroup;
			children = (
				9F6351F31AC3DEEB00E24276 /* Info.plist */,
				9F6351F41AC3DEEB00E24276 /* main.m */,
			);
			name = "Supporting Files";
			sourceTree = "<group>";
		};
		9F63520B1AC3DEEC00E24276 /* GitSampleTests */ = {
			isa = PBXGroup;
			children = (
				9F63520E1AC3DEEC00E24276 /* GitSampleTests.m */,
				9F63520C1AC3DEEC00E24276 /* Supporting Files */,
			);
			path = GitSampleTests;
			sourceTree = "<group>";
		};
		9F63520C1AC3DEEC00E24276 /* Supporting Files */ = {
			isa = PBXGroup;
			children = (
				9F63520D1AC3DEEC00E24276 /* Info.plist */,
			);
			name = "Supporting Files";
			sourceTree = "<group>";
		};
/* End PBXGroup section */

/* Begin PBXNativeTarget section */
		9F6351EE1AC3DEEB00E24276 /* GitSample */ = {
			isa = PBXNativeTarget;
			buildConfigurationList = 9F6352121AC3DEEC00E24276 /* Build configuration list for PBXNativeTarget "GitSample" */;
			buildPhases = (
				9F6351EB1AC3DEEB00E24276 /* Sources */,
				9F6351EC1AC3DEEB00E24276 /* Frameworks */,
				9F6351ED1AC3DEEB00E24276 /* Resources */,
			);
			buildRules = (
			);
			dependencies = (
			);
			name = GitSample;
			productName = GitSample;
			productReference = 9F6351EF1AC3DEEB00E24276 /* GitSample.app */;
			productType = "com.apple.product-type.application";
		};
		9F6352071AC3DEEC00E24276 /* GitSampleTests */ = {
			isa = PBXNativeTarget;
			buildConfigurationList = 9F6352151AC3DEEC00E24276 /* Build configuration list for PBXNativeTarget "GitSampleTests" */;
			buildPhases = (
				9F6352041AC3DEEC00E24276 /* Sources */,
				9F6352051AC3DEEC00E24276 /* Frameworks */,
				9F6352061AC3DEEC00E24276 /* Resources */,
			);
			buildRules = (
			);
			dependencies = (
				9F63520A1AC3DEEC00E24276 /* PBXTargetDependency */,
			);
			name = GitSampleTests;
			productName = GitSampleTests;
			productReference = 9F6352081AC3DEEC00E24276 /* GitSampleTests.xctest */;
			productType = "com.apple.product-type.bundle.unit-test";
		};
/* End PBXNativeTarget section */

/* Begin PBXProject section */
		9F6351E71AC3DEEB00E24276 /* Project object */ = {
			isa = PBXProject;
			attributes = {
				LastUpgradeCheck = 0620;
				ORGANIZATIONNAME = "Maneesh M";
				TargetAttributes = {
					9F6351EE1AC3DEEB00E24276 = {
						CreatedOnToolsVersion = 6.2;
					};
					9F6352071AC3DEEC00E24276 = {
						CreatedOnToolsVersion = 6.2;
						TestTargetID = 9F6351EE1AC3DEEB00E24276;
					};
				};
			};
			buildConfigurationList = 9F6351EA1AC3DEEB00E24276 /* Build configuration list for PBXProject "GitSample" */;
			compatibilityVersion = "Xcode 3.2";
			developmentRegion = English;
			hasScannedForEncodings = 0;
			knownRegions = (
				en,
				Base,
			);
			mainGroup = 9F6351E61AC3DEEB00E24276;
			productRefGroup = 9F6351F01AC3DEEB00E24276 /* Products */;
			projectDirPath = "";
			projectRoot = "";
			targets = (
				9F6351EE1AC3DEEB00E24276 /* GitSample */,
				9F6352071AC3DEEC00E24276 /* GitSampleTests */,
			);
		};
/* End PBXProject section */

/* Begin PBXResourcesBuildPhase section */
		9F6351ED1AC3DEEB00E24276 /* Resources */ = {
			isa = PBXResourcesBuildPhase;
			buildActionMask = 2147483647;
			files = (
				9F6351FE1AC3DEEB00E24276 /* Main.storyboard in Resources */,
				9F6352031AC3DEEC00E24276 /* LaunchScreen.xib in Resources */,
				9F6352001AC3DEEC00E24276 /* Images.xcassets in Resources */,
			);
			runOnlyForDeploymentPostprocessing = 0;
		};
		9F6352061AC3DEEC00E24276 /* Resources */ = {
			isa = PBXResourcesBuildPhase;
			buildActionMask = 2147483647;
			files = (
			);
			runOnlyForDeploymentPostprocessing = 0;
		};
/* End PBXResourcesBuildPhase section */

/* Begin PBXSourcesBuildPhase section */
		9F6351EB1AC3DEEB00E24276 /* Sources */ = {
			isa = PBXSourcesBuildPhase;
			buildActionMask = 2147483647;
			files = (
				9F6351FB1AC3DEEB00E24276 /* ViewController.m in Sources */,
				9F6351F81AC3DEEB00E24276 /* AppDelegate.m in Sources */,
				9F6351F51AC3DEEB00E24276 /* main.m in Sources */,
			);
			runOnlyForDeploymentPostprocessing = 0;
		};
		9F6352041AC3DEEC00E24276 /* Sources */ = {
			isa = PBXSourcesBuildPhase;
			buildActionMask = 2147483647;
			files = (
				9F63520F1AC3DEEC00E24276 /* GitSampleTests.m in Sources */,
			);
			runOnlyForDeploymentPostprocessing = 0;
		};
/* End PBXSourcesBuildPhase section */

/* Begin PBXTargetDependency section */
		9F63520A1AC3DEEC00E24276 /* PBXTargetDependency */ = {
			isa = PBXTargetDependency;
			target = 9F6351EE1AC3DEEB00E24276 /* GitSample */;
			targetProxy = 9F6352091AC3DEEC00E24276 /* PBXContainerItemProxy */;
		};
/* End PBXTargetDependency section */

/* Begin PBXVariantGroup section */
		9F6351FC1AC3DEEB00E24276 /* Main.storyboard */ = {
			isa = PBXVariantGroup;
			children = (
				9F6351FD1AC3DEEB00E24276 /* Base */,
			);
			name = Main.storyboard;
			sourceTree = "<group>";
		};
		9F6352011AC3DEEC00E24276 /* LaunchScreen.xib */ = {
			isa = PBXVariantGroup;
			children = (
				9F6352021AC3DEEC00E24276 /* Base */,
			);
			name = LaunchScreen.xib;
			sourceTree = "<group>";
		};
/* End PBXVariantGroup section */

/* Begin XCBuildConfiguration section */
		9F6352101AC3DEEC00E24276 /* Debug */ = {
			isa = XCBuildConfiguration;
			buildSettings = {
				ALWAYS_SEARCH_USER_PATHS = NO;
				CLANG_CXX_LANGUAGE_STANDARD = "gnu++0x";
				CLANG_CXX_LIBRARY = "libc++";
				CLANG_ENABLE_MODULES = YES;
				CLANG_ENABLE_OBJC_ARC = YES;
				CLANG_WARN_BOOL_CONVERSION = YES;
				CLANG_WARN_CONSTANT_CONVERSION = YES;
				CLANG_WARN_DIRECT_OBJC_ISA_USAGE = YES_ERROR;
				CLANG_WARN_EMPTY_BODY = YES;
				CLANG_WARN_ENUM_CONVERSION = YES;
				CLANG_WARN_INT_CONVERSION = YES;
				CLANG_WARN_OBJC_ROOT_CLASS = YES_ERROR;
				CLANG_WARN_UNREACHABLE_CODE = YES;
				CLANG_WARN__DUPLICATE_METHOD_MATCH = YES;
				"CODE_SIGN_IDENTITY[sdk=iphoneos*]" = "iPhone Developer";
				COPY_PHASE_STRIP = NO;
				ENABLE_STRICT_OBJC_MSGSEND = YES;
				GCC_C_LANGUAGE_STANDARD = gnu99;
				GCC_DYNAMIC_NO_PIC = NO;
				GCC_OPTIMIZATION_LEVEL = 0;
				GCC_PREPROCESSOR_DEFINITIONS = (
					"DEBUG=1",
					"$(inherited)",
				);
				GCC_SYMBOLS_PRIVATE_EXTERN = NO;
				GCC_WARN_64_TO_32_BIT_CONVERSION = YES;
				GCC_WARN_ABOUT_RETURN_TYPE = YES_ERROR;
				GCC_WARN_UNDECLARED_SELECTOR = YES;
				GCC_WARN_UNINITIALIZED_AUTOS = YES_AGGRESSIVE;
				GCC_WARN_UNUSED_FUNCTION = YES;
				GCC_WARN_UNUSED_VARIABLE = YES;
				IPHONEOS_DEPLOYMENT_TARGET = 8.2;
				MTL_ENABLE_DEBUG_INFO = YES;
				ONLY_ACTIVE_ARCH = YES;
				SDKROOT = iphoneos;
				TARGETED_DEVICE_FAMILY = "1,2";
			};
			name = Debug;
		};
		9F6352111AC3DEEC00E24276 /* Release */ = {
			isa = XCBuildConfiguration;
			buildSettings = {
				ALWAYS_SEARCH_USER_PATHS = NO;
				CLANG_CXX_LANGUAGE_STANDARD = "gnu++0x";
				CLANG_CXX_LIBRARY = "libc++";
				CLANG_ENABLE_MODULES = YES;
				CLANG_ENABLE_OBJC_ARC = YES;
				CLANG_WARN_BOOL_CONVERSION = YES;
				CLANG_WARN_CONSTANT_CONVERSION = YES;
				CLANG_WARN_DIRECT_OBJC_ISA_USAGE = YES_ERROR;
				CLANG_WARN_EMPTY_BODY = YES;
				CLANG_WARN_ENUM_CONVERSION = YES;
				CLANG_WARN_INT_CONVERSION = YES;
				CLANG_WARN_OBJC_ROOT_CLASS = YES_ERROR;
				CLANG_WARN_UNREACHABLE_CODE = YES;
				CLANG_WARN__DUPLICATE_METHOD_MATCH = YES;
				"CODE_SIGN_IDENTITY[sdk=iphoneos*]" = "iPhone Developer";
				COPY_PHASE_STRIP = NO;
				ENABLE_NS_ASSERTIONS = NO;
				ENABLE_STRICT_OBJC_MSGSEND = YES;
				GCC_C_LANGUAGE_STANDARD = gnu99;
				GCC_WARN_64_TO_32_BIT_CONVERSION = YES;
				GCC_WARN_ABOUT_RETURN_TYPE = YES_ERROR;
				GCC_WARN_UNDECLARED_SELECTOR = YES;
				GCC_WARN_UNINITIALIZED_AUTOS = YES_AGGRESSIVE;
				GCC_WARN_UNUSED_FUNCTION = YES;
				GCC_WARN_UNUSED_VARIABLE = YES;
				IPHONEOS_DEPLOYMENT_TARGET = 8.2;
				MTL_ENABLE_DEBUG_INFO = NO;
				SDKROOT = iphoneos;
				TARGETED_DEVICE_FAMILY = "1,2";
				VALIDATE_PRODUCT = YES;
			};
			name = Release;
		};
		9F6352131AC3DEEC00E24276 /* Debug */ = {
			isa = XCBuildConfiguration;
			buildSettings = {
				ASSETCATALOG_COMPILER_APPICON_NAME = AppIcon;
				INFOPLIST_FILE = GitSample/Info.plist;
				LD_RUNPATH_SEARCH_PATHS = "$(inherited) @executable_path/Frameworks";
				PRODUCT_NAME = "$(TARGET_NAME)";
			};
			name = Debug;
		};
		9F6352141AC3DEEC00E24276 /* Release */ = {
			isa = XCBuildConfiguration;
			buildSettings = {
				ASSETCATALOG_COMPILER_APPICON_NAME = AppIcon;
				INFOPLIST_FILE = GitSample/Info.plist;
				LD_RUNPATH_SEARCH_PATHS = "$(inherited) @executable_path/Frameworks";
				PRODUCT_NAME = "$(TARGET_NAME)";
			};
			name = Release;
		};
		9F6352161AC3DEEC00E24276 /* Debug */ = {
			isa = XCBuildConfiguration;
			buildSettings = {
				BUNDLE_LOADER = "$(TEST_HOST)";
				FRAMEWORK_SEARCH_PATHS = (
					"$(SDKROOT)/Developer/Library/Frameworks",
					"$(inherited)",
				);
				GCC_PREPROCESSOR_DEFINITIONS = (
					"DEBUG=1",
					"$(inherited)",
				);
				INFOPLIST_FILE = GitSampleTests/Info.plist;
				LD_RUNPATH_SEARCH_PATHS = "$(inherited) @executable_path/Frameworks @loader_path/Frameworks";
				PRODUCT_NAME = "$(TARGET_NAME)";
				TEST_HOST = "$(BUILT_PRODUCTS_DIR)/GitSample.app/GitSample";
			};
			name = Debug;
		};
		9F6352171AC3DEEC00E24276 /* Release */ = {
			isa = XCBuildConfiguration;
			buildSettings = {
				BUNDLE_LOADER = "$(TEST_HOST)";
				FRAMEWORK_SEARCH_PATHS = (
					"$(SDKROOT)/Developer/Library/Frameworks",
					"$(inherited)",
				);
				INFOPLIST_FILE = GitSampleTests/Info.plist;
				LD_RUNPATH_SEARCH_PATHS = "$(inherited) @executable_path/Frameworks @loader_path/Frameworks";
				PRODUCT_NAME = "$(TARGET_NAME)";
				TEST_HOST = "$(BUILT_PRODUCTS_DIR)/GitSample.app/GitSample";
			};
			name = Release;
		};
/* End XCBuildConfiguration section */

/* Begin XCConfigurationList section */
		9F6351EA1AC3DEEB00E24276 /* Build configuration list for PBXProject "GitSample" */ = {
			isa = XCConfigurationList;
			buildConfigurations = (
				9F6352101AC3DEEC00E24276 /* Debug */,
				9F6352111AC3DEEC00E24276 /* Release */,
			);
			defaultConfigurationIsVisible = 0;
			defaultConfigurationName = Release;
		};
		9F6352121AC3DEEC00E24276 /* Build configuration list for PBXNativeTarget "GitSample" */ = {
			isa = XCConfigurationList;
			buildConfigurations = (
				9F6352131AC3DEEC00E24276 /* Debug */,
				9F6352141AC3DEEC00E24276 /* Release */,
			);
			defaultConfigurationIsVisible = 0;
		};
		9F6352151AC3DEEC00E24276 /* Build configuration list for PBXNativeTarget "GitSampleTests" */ = {
			isa = XCConfigurationList;
			buildConfigurations = (
				9F6352161AC3DEEC00E24276 /* Debug */,
				9F6352171AC3DEEC00E24276 /* Release */,
			);
			defaultConfigurationIsVisible = 0;
		};
/* End XCConfigurationList section */
	};
	rootObject = 9F6351E71AC3DEEB00E24276 /* Project object */;
}
